// !$*UTF8*$!
{
	archiveVersion = 1;
	classes = {
	};
	objectVersion = 55;
	objects = {

/* Begin PBXBuildFile section */
		5E357EFD283D30F0009A3E93 /* Assets.xcassets in Resources */ = {isa = PBXBuildFile; fileRef = 5E7537BC27C93D0200088597 /* Assets.xcassets */; };
		5E7537C327C93D0300088597 /* Friendle! MessagesExtension.appex in Embed App Extensions */ = {isa = PBXBuildFile; fileRef = 5E7537C227C93D0300088597 /* Friendle! MessagesExtension.appex */; settings = {ATTRIBUTES = (RemoveHeadersOnCopy, ); }; };
		5E7537C827C93D0300088597 /* Messages.framework in Frameworks */ = {isa = PBXBuildFile; fileRef = 5E7537C727C93D0300088597 /* Messages.framework */; };
		5E7537CB27C93D0300088597 /* MessagesViewController.swift in Sources */ = {isa = PBXBuildFile; fileRef = 5E7537CA27C93D0300088597 /* MessagesViewController.swift */; };
		5E7537CE27C93D0300088597 /* MainInterface.storyboard in Resources */ = {isa = PBXBuildFile; fileRef = 5E7537CC27C93D0300088597 /* MainInterface.storyboard */; };
		5E7537D027C93D0500088597 /* Assets.xcassets in Resources */ = {isa = PBXBuildFile; fileRef = 5E7537CF27C93D0500088597 /* Assets.xcassets */; };
		5ECC5E12280883E80005E6E4 /* popUpViewController.swift in Sources */ = {isa = PBXBuildFile; fileRef = 5ECC5E11280883E80005E6E4 /* popUpViewController.swift */; };
/* End PBXBuildFile section */

/* Begin PBXContainerItemProxy section */
		5E7537C427C93D0300088597 /* PBXContainerItemProxy */ = {
			isa = PBXContainerItemProxy;
			containerPortal = 5E7537B327C93CFE00088597 /* Project object */;
			proxyType = 1;
			remoteGlobalIDString = 5E7537C127C93D0300088597;
			remoteInfo = "MessageApp MessagesExtension";
		};
/* End PBXContainerItemProxy section */

/* Begin PBXCopyFilesBuildPhase section */
		5E7537D727C93D0500088597 /* Embed App Extensions */ = {
			isa = PBXCopyFilesBuildPhase;
			buildActionMask = 2147483647;
			dstPath = "";
			dstSubfolderSpec = 13;
			files = (
				5E7537C327C93D0300088597 /* Friendle! MessagesExtension.appex in Embed App Extensions */,
			);
			name = "Embed App Extensions";
			runOnlyForDeploymentPostprocessing = 0;
		};
/* End PBXCopyFilesBuildPhase section */

/* Begin PBXFileReference section */
		5E7537B927C93CFE00088597 /* Friendle!.app */ = {isa = PBXFileReference; explicitFileType = wrapper.application; includeInIndex = 0; path = "Friendle!.app"; sourceTree = BUILT_PRODUCTS_DIR; };
		5E7537BC27C93D0200088597 /* Assets.xcassets */ = {isa = PBXFileReference; lastKnownFileType = folder.assetcatalog; path = Assets.xcassets; sourceTree = "<group>"; };
		5E7537C227C93D0300088597 /* Friendle! MessagesExtension.appex */ = {isa = PBXFileReference; explicitFileType = "wrapper.app-extension"; includeInIndex = 0; path = "Friendle! MessagesExtension.appex"; sourceTree = BUILT_PRODUCTS_DIR; };
		5E7537C727C93D0300088597 /* Messages.framework */ = {isa = PBXFileReference; lastKnownFileType = wrapper.framework; name = Messages.framework; path = System/Library/Frameworks/Messages.framework; sourceTree = SDKROOT; };
		5E7537CA27C93D0300088597 /* MessagesViewController.swift */ = {isa = PBXFileReference; lastKnownFileType = sourcecode.swift; path = MessagesViewController.swift; sourceTree = "<group>"; };
		5E7537CD27C93D0300088597 /* Base */ = {isa = PBXFileReference; lastKnownFileType = file.storyboard; name = Base; path = Base.lproj/MainInterface.storyboard; sourceTree = "<group>"; };
		5E7537CF27C93D0500088597 /* Assets.xcassets */ = {isa = PBXFileReference; lastKnownFileType = folder.assetcatalog; path = Assets.xcassets; sourceTree = "<group>"; };
		5E7537D127C93D0500088597 /* Info.plist */ = {isa = PBXFileReference; lastKnownFileType = text.plist.xml; path = Info.plist; sourceTree = "<group>"; };
		5ECC5E11280883E80005E6E4 /* popUpViewController.swift */ = {isa = PBXFileReference; lastKnownFileType = sourcecode.swift; path = popUpViewController.swift; sourceTree = "<group>"; };
		5EED280427F756A0001624A5 /* Info.plist */ = {isa = PBXFileReference; lastKnownFileType = text.plist.xml; path = Info.plist; sourceTree = "<group>"; };
/* End PBXFileReference section */

/* Begin PBXFrameworksBuildPhase section */
		5E7537BF27C93D0300088597 /* Frameworks */ = {
			isa = PBXFrameworksBuildPhase;
			buildActionMask = 2147483647;
			files = (
				5E7537C827C93D0300088597 /* Messages.framework in Frameworks */,
			);
			runOnlyForDeploymentPostprocessing = 0;
		};
/* End PBXFrameworksBuildPhase section */

/* Begin PBXGroup section */
		5E7537B227C93CFE00088597 = {
			isa = PBXGroup;
			children = (
				5E7537BB27C93CFE00088597 /* Friendle! */,
				5E7537C927C93D0300088597 /* Friendle! MessagesExtension */,
				5E7537C627C93D0300088597 /* Frameworks */,
				5E7537BA27C93CFE00088597 /* Products */,
			);
			sourceTree = "<group>";
		};
		5E7537BA27C93CFE00088597 /* Products */ = {
			isa = PBXGroup;
			children = (
				5E7537B927C93CFE00088597 /* Friendle!.app */,
				5E7537C227C93D0300088597 /* Friendle! MessagesExtension.appex */,
			);
			name = Products;
			sourceTree = "<group>";
		};
		5E7537BB27C93CFE00088597 /* Friendle! */ = {
			isa = PBXGroup;
			children = (
				5EED280427F756A0001624A5 /* Info.plist */,
				5E7537BC27C93D0200088597 /* Assets.xcassets */,
			);
			path = "Friendle!";
			sourceTree = "<group>";
		};
		5E7537C627C93D0300088597 /* Frameworks */ = {
			isa = PBXGroup;
			children = (
				5E7537C727C93D0300088597 /* Messages.framework */,
			);
			name = Frameworks;
			sourceTree = "<group>";
		};
		5E7537C927C93D0300088597 /* Friendle! MessagesExtension */ = {
			isa = PBXGroup;
			children = (
				5E7537CA27C93D0300088597 /* MessagesViewController.swift */,
				5E7537CC27C93D0300088597 /* MainInterface.storyboard */,
				5ECC5E11280883E80005E6E4 /* popUpViewController.swift */,
				5E7537CF27C93D0500088597 /* Assets.xcassets */,
				5E7537D127C93D0500088597 /* Info.plist */,
			);
			path = "Friendle! MessagesExtension";
			sourceTree = "<group>";
		};
/* End PBXGroup section */

/* Begin PBXNativeTarget section */
		5E7537B827C93CFE00088597 /* Friendle! */ = {
			isa = PBXNativeTarget;
			buildConfigurationList = 5E7537D827C93D0500088597 /* Build configuration list for PBXNativeTarget "Friendle!" */;
			buildPhases = (
				5E7537B727C93CFE00088597 /* Resources */,
				5E7537D727C93D0500088597 /* Embed App Extensions */,
			);
			buildRules = (
			);
			dependencies = (
				5E7537C527C93D0300088597 /* PBXTargetDependency */,
			);
			name = "Friendle!";
			productName = MessageApp;
			productReference = 5E7537B927C93CFE00088597 /* Friendle!.app */;
			productType = "com.apple.product-type.application.messages";
		};
		5E7537C127C93D0300088597 /* Friendle! MessagesExtension */ = {
			isa = PBXNativeTarget;
			buildConfigurationList = 5E7537D427C93D0500088597 /* Build configuration list for PBXNativeTarget "Friendle! MessagesExtension" */;
			buildPhases = (
				5E7537BE27C93D0300088597 /* Sources */,
				5E7537BF27C93D0300088597 /* Frameworks */,
				5E7537C027C93D0300088597 /* Resources */,
			);
			buildRules = (
			);
			dependencies = (
			);
			name = "Friendle! MessagesExtension";
			productName = "MessageApp MessagesExtension";
			productReference = 5E7537C227C93D0300088597 /* Friendle! MessagesExtension.appex */;
			productType = "com.apple.product-type.app-extension.messages";
		};
/* End PBXNativeTarget section */

/* Begin PBXProject section */
		5E7537B327C93CFE00088597 /* Project object */ = {
			isa = PBXProject;
			attributes = {
				BuildIndependentTargetsInParallel = 1;
				LastSwiftUpdateCheck = 1330;
				LastUpgradeCheck = 1330;
				TargetAttributes = {
					5E7537B827C93CFE00088597 = {
						CreatedOnToolsVersion = 13.3;
					};
					5E7537C127C93D0300088597 = {
						CreatedOnToolsVersion = 13.3;
					};
				};
			};
			buildConfigurationList = 5E7537B627C93CFE00088597 /* Build configuration list for PBXProject "Friendle!" */;
			compatibilityVersion = "Xcode 13.0";
			developmentRegion = en;
			hasScannedForEncodings = 0;
			knownRegions = (
				en,
				Base,
			);
			mainGroup = 5E7537B227C93CFE00088597;
			productRefGroup = 5E7537BA27C93CFE00088597 /* Products */;
			projectDirPath = "";
			projectRoot = "";
			targets = (
				5E7537B827C93CFE00088597 /* Friendle! */,
				5E7537C127C93D0300088597 /* Friendle! MessagesExtension */,
			);
		};
/* End PBXProject section */

/* Begin PBXResourcesBuildPhase section */
		5E7537B727C93CFE00088597 /* Resources */ = {
			isa = PBXResourcesBuildPhase;
			buildActionMask = 2147483647;
			files = (
				5E357EFD283D30F0009A3E93 /* Assets.xcassets in Resources */,
			);
			runOnlyForDeploymentPostprocessing = 0;
		};
		5E7537C027C93D0300088597 /* Resources */ = {
			isa = PBXResourcesBuildPhase;
			buildActionMask = 2147483647;
			files = (
				5E7537D027C93D0500088597 /* Assets.xcassets in Resources */,
				5E7537CE27C93D0300088597 /* MainInterface.storyboard in Resources */,
			);
			runOnlyForDeploymentPostprocessing = 0;
		};
/* End PBXResourcesBuildPhase section */

/* Begin PBXSourcesBuildPhase section */
		5E7537BE27C93D0300088597 /* Sources */ = {
			isa = PBXSourcesBuildPhase;
			buildActionMask = 2147483647;
			files = (
				5E7537CB27C93D0300088597 /* MessagesViewController.swift in Sources */,
				5ECC5E12280883E80005E6E4 /* popUpViewController.swift in Sources */,
			);
			runOnlyForDeploymentPostprocessing = 0;
		};
/* End PBXSourcesBuildPhase section */

/* Begin PBXTargetDependency section */
		5E7537C527C93D0300088597 /* PBXTargetDependency */ = {
			isa = PBXTargetDependency;
			target = 5E7537C127C93D0300088597 /* Friendle! MessagesExtension */;
			targetProxy = 5E7537C427C93D0300088597 /* PBXContainerItemProxy */;
		};
/* End PBXTargetDependency section */

/* Begin PBXVariantGroup section */
		5E7537CC27C93D0300088597 /* MainInterface.storyboard */ = {
			isa = PBXVariantGroup;
			children = (
				5E7537CD27C93D0300088597 /* Base */,
			);
			name = MainInterface.storyboard;
			sourceTree = "<group>";
		};
/* End PBXVariantGroup section */

/* Begin XCBuildConfiguration section */
		5E7537D227C93D0500088597 /* Debug */ = {
			isa = XCBuildConfiguration;
			buildSettings = {
				ALWAYS_SEARCH_USER_PATHS = NO;
				CLANG_ANALYZER_NONNULL = YES;
				CLANG_ANALYZER_NUMBER_OBJECT_CONVERSION = YES_AGGRESSIVE;
				CLANG_CXX_LANGUAGE_STANDARD = "gnu++17";
				CLANG_ENABLE_MODULES = YES;
				CLANG_ENABLE_OBJC_ARC = YES;
				CLANG_ENABLE_OBJC_WEAK = YES;
				CLANG_WARN_BLOCK_CAPTURE_AUTORELEASING = YES;
				CLANG_WARN_BOOL_CONVERSION = YES;
				CLANG_WARN_COMMA = YES;
				CLANG_WARN_CONSTANT_CONVERSION = YES;
				CLANG_WARN_DEPRECATED_OBJC_IMPLEMENTATIONS = YES;
				CLANG_WARN_DIRECT_OBJC_ISA_USAGE = YES_ERROR;
				CLANG_WARN_DOCUMENTATION_COMMENTS = YES;
				CLANG_WARN_EMPTY_BODY = YES;
				CLANG_WARN_ENUM_CONVERSION = YES;
				CLANG_WARN_INFINITE_RECURSION = YES;
				CLANG_WARN_INT_CONVERSION = YES;
				CLANG_WARN_NON_LITERAL_NULL_CONVERSION = YES;
				CLANG_WARN_OBJC_IMPLICIT_RETAIN_SELF = YES;
				CLANG_WARN_OBJC_LITERAL_CONVERSION = YES;
				CLANG_WARN_OBJC_ROOT_CLASS = YES_ERROR;
				CLANG_WARN_QUOTED_INCLUDE_IN_FRAMEWORK_HEADER = YES;
				CLANG_WARN_RANGE_LOOP_ANALYSIS = YES;
				CLANG_WARN_STRICT_PROTOTYPES = YES;
				CLANG_WARN_SUSPICIOUS_MOVE = YES;
				CLANG_WARN_UNGUARDED_AVAILABILITY = YES_AGGRESSIVE;
				CLANG_WARN_UNREACHABLE_CODE = YES;
				CLANG_WARN__DUPLICATE_METHOD_MATCH = YES;
				COPY_PHASE_STRIP = NO;
				DEBUG_INFORMATION_FORMAT = dwarf;
				ENABLE_STRICT_OBJC_MSGSEND = YES;
				ENABLE_TESTABILITY = YES;
				GCC_C_LANGUAGE_STANDARD = gnu11;
				GCC_DYNAMIC_NO_PIC = NO;
				GCC_NO_COMMON_BLOCKS = YES;
				GCC_OPTIMIZATION_LEVEL = 0;
				GCC_PREPROCESSOR_DEFINITIONS = (
					"DEBUG=1",
					"$(inherited)",
				);
				GCC_WARN_64_TO_32_BIT_CONVERSION = YES;
				GCC_WARN_ABOUT_RETURN_TYPE = YES_ERROR;
				GCC_WARN_UNDECLARED_SELECTOR = YES;
				GCC_WARN_UNINITIALIZED_AUTOS = YES_AGGRESSIVE;
				GCC_WARN_UNUSED_FUNCTION = YES;
				GCC_WARN_UNUSED_VARIABLE = YES;
				IPHONEOS_DEPLOYMENT_TARGET = 15.0;
				MTL_ENABLE_DEBUG_INFO = INCLUDE_SOURCE;
				MTL_FAST_MATH = YES;
				ONLY_ACTIVE_ARCH = YES;
				SDKROOT = iphoneos;
				SWIFT_ACTIVE_COMPILATION_CONDITIONS = DEBUG;
				SWIFT_OPTIMIZATION_LEVEL = "-Onone";
			};
			name = Debug;
		};
		5E7537D327C93D0500088597 /* Release */ = {
			isa = XCBuildConfiguration;
			buildSettings = {
				ALWAYS_SEARCH_USER_PATHS = NO;
				CLANG_ANALYZER_NONNULL = YES;
				CLANG_ANALYZER_NUMBER_OBJECT_CONVERSION = YES_AGGRESSIVE;
				CLANG_CXX_LANGUAGE_STANDARD = "gnu++17";
				CLANG_ENABLE_MODULES = YES;
				CLANG_ENABLE_OBJC_ARC = YES;
				CLANG_ENABLE_OBJC_WEAK = YES;
				CLANG_WARN_BLOCK_CAPTURE_AUTORELEASING = YES;
				CLANG_WARN_BOOL_CONVERSION = YES;
				CLANG_WARN_COMMA = YES;
				CLANG_WARN_CONSTANT_CONVERSION = YES;
				CLANG_WARN_DEPRECATED_OBJC_IMPLEMENTATIONS = YES;
				CLANG_WARN_DIRECT_OBJC_ISA_USAGE = YES_ERROR;
				CLANG_WARN_DOCUMENTATION_COMMENTS = YES;
				CLANG_WARN_EMPTY_BODY = YES;
				CLANG_WARN_ENUM_CONVERSION = YES;
				CLANG_WARN_INFINITE_RECURSION = YES;
				CLANG_WARN_INT_CONVERSION = YES;
				CLANG_WARN_NON_LITERAL_NULL_CONVERSION = YES;
				CLANG_WARN_OBJC_IMPLICIT_RETAIN_SELF = YES;
				CLANG_WARN_OBJC_LITERAL_CONVERSION = YES;
				CLANG_WARN_OBJC_ROOT_CLASS = YES_ERROR;
				CLANG_WARN_QUOTED_INCLUDE_IN_FRAMEWORK_HEADER = YES;
				CLANG_WARN_RANGE_LOOP_ANALYSIS = YES;
				CLANG_WARN_STRICT_PROTOTYPES = YES;
				CLANG_WARN_SUSPICIOUS_MOVE = YES;
				CLANG_WARN_UNGUARDED_AVAILABILITY = YES_AGGRESSIVE;
				CLANG_WARN_UNREACHABLE_CODE = YES;
				CLANG_WARN__DUPLICATE_METHOD_MATCH = YES;
				COPY_PHASE_STRIP = NO;
				DEBUG_INFORMATION_FORMAT = "dwarf-with-dsym";
				ENABLE_NS_ASSERTIONS = NO;
				ENABLE_STRICT_OBJC_MSGSEND = YES;
				GCC_C_LANGUAGE_STANDARD = gnu11;
				GCC_NO_COMMON_BLOCKS = YES;
				GCC_WARN_64_TO_32_BIT_CONVERSION = YES;
				GCC_WARN_ABOUT_RETURN_TYPE = YES_ERROR;
				GCC_WARN_UNDECLARED_SELECTOR = YES;
				GCC_WARN_UNINITIALIZED_AUTOS = YES_AGGRESSIVE;
				GCC_WARN_UNUSED_FUNCTION = YES;
				GCC_WARN_UNUSED_VARIABLE = YES;
				IPHONEOS_DEPLOYMENT_TARGET = 15.0;
				MTL_ENABLE_DEBUG_INFO = NO;
				MTL_FAST_MATH = YES;
				SDKROOT = iphoneos;
				SWIFT_COMPILATION_MODE = wholemodule;
				SWIFT_OPTIMIZATION_LEVEL = "-O";
				VALIDATE_PRODUCT = YES;
			};
			name = Release;
		};
		5E7537D527C93D0500088597 /* Debug */ = {
			isa = XCBuildConfiguration;
			buildSettings = {
				CODE_SIGN_STYLE = Automatic;
				CURRENT_PROJECT_VERSION = 3;
				DEVELOPMENT_TEAM = 883DK65VTV;
				GENERATE_INFOPLIST_FILE = YES;
				INFOPLIST_FILE = "Friendle! MessagesExtension/Info.plist";
				INFOPLIST_KEY_CFBundleDisplayName = "Friendle!";
				INFOPLIST_KEY_NSHumanReadableCopyright = "";
				LD_RUNPATH_SEARCH_PATHS = (
					"$(inherited)",
					"@executable_path/Frameworks",
					"@executable_path/../../Frameworks",
				);
				MARKETING_VERSION = 1.0;
				PRODUCT_BUNDLE_IDENTIFIER = ephs2022.wordle.app;
				PRODUCT_NAME = "$(TARGET_NAME)";
				SKIP_INSTALL = YES;
				SWIFT_EMIT_LOC_STRINGS = YES;
				SWIFT_VERSION = 5.0;
				TARGETED_DEVICE_FAMILY = 1;
			};
			name = Debug;
		};
		5E7537D627C93D0500088597 /* Release */ = {
			isa = XCBuildConfiguration;
			buildSettings = {
				CODE_SIGN_STYLE = Automatic;
				CURRENT_PROJECT_VERSION = 3;
				DEVELOPMENT_TEAM = 883DK65VTV;
				GENERATE_INFOPLIST_FILE = YES;
				INFOPLIST_FILE = "Friendle! MessagesExtension/Info.plist";
				INFOPLIST_KEY_CFBundleDisplayName = "Friendle!";
				INFOPLIST_KEY_NSHumanReadableCopyright = "";
				LD_RUNPATH_SEARCH_PATHS = (
					"$(inherited)",
					"@executable_path/Frameworks",
					"@executable_path/../../Frameworks",
				);
				MARKETING_VERSION = 1.0;
				PRODUCT_BUNDLE_IDENTIFIER = ephs2022.wordle.app;
				PRODUCT_NAME = "$(TARGET_NAME)";
				SKIP_INSTALL = YES;
				SWIFT_EMIT_LOC_STRINGS = YES;
				SWIFT_VERSION = 5.0;
				TARGETED_DEVICE_FAMILY = 1;
			};
			name = Release;
		};
		5E7537D927C93D0500088597 /* Debug */ = {
			isa = XCBuildConfiguration;
			buildSettings = {
				ALWAYS_EMBED_SWIFT_STANDARD_LIBRARIES = YES;
				CODE_SIGN_STYLE = Automatic;
				CURRENT_PROJECT_VERSION = 1;
				DEVELOPMENT_TEAM = 883DK65VTV;
				GENERATE_INFOPLIST_FILE = YES;
				INFOPLIST_FILE = "Friendle!/Info.plist";
				INFOPLIST_KEY_UILaunchStoryboardName = LaunchScreen;
				INFOPLIST_KEY_UISupportedInterfaceOrientations_iPad = "UIInterfaceOrientationPortrait UIInterfaceOrientationPortraitUpsideDown UIInterfaceOrientationLandscapeLeft UIInterfaceOrientationLandscapeRight";
				INFOPLIST_KEY_UISupportedInterfaceOrientations_iPhone = "UIInterfaceOrientationPortrait UIInterfaceOrientationLandscapeLeft UIInterfaceOrientationLandscapeRight";
				MARKETING_VERSION = 1.0;
				PRODUCT_BUNDLE_IDENTIFIER = ephs2022.wordle;
				PRODUCT_NAME = "$(TARGET_NAME)";
				SWIFT_EMIT_LOC_STRINGS = YES;
				SWIFT_VERSION = 5.0;
				TARGETED_DEVICE_FAMILY = "1,2";
			};
			name = Debug;
		};
		5E7537DA27C93D0500088597 /* Release */ = {
			isa = XCBuildConfiguration;
			buildSettings = {
				ALWAYS_EMBED_SWIFT_STANDARD_LIBRARIES = YES;
				CODE_SIGN_STYLE = Automatic;
				CURRENT_PROJECT_VERSION = 1;
				DEVELOPMENT_TEAM = 883DK65VTV;
				GENERATE_INFOPLIST_FILE = YES;
				INFOPLIST_FILE = "Friendle!/Info.plist";
				INFOPLIST_KEY_UILaunchStoryboardName = LaunchScreen;
				INFOPLIST_KEY_UISupportedInterfaceOrientations_iPad = "UIInterfaceOrientationPortrait UIInterfaceOrientationPortraitUpsideDown UIInterfaceOrientationLandscapeLeft UIInterfaceOrientationLandscapeRight";
				INFOPLIST_KEY_UISupportedInterfaceOrientations_iPhone = "UIInterfaceOrientationPortrait UIInterfaceOrientationLandscapeLeft UIInterfaceOrientationLandscapeRight";
				MARKETING_VERSION = 1.0;
				PRODUCT_BUNDLE_IDENTIFIER = ephs2022.wordle;
				PRODUCT_NAME = "$(TARGET_NAME)";
				SWIFT_EMIT_LOC_STRINGS = YES;
				SWIFT_VERSION = 5.0;
				TARGETED_DEVICE_FAMILY = "1,2";
			};
			name = Release;
		};
/* End XCBuildConfiguration section */

/* Begin XCConfigurationList section */
		5E7537B627C93CFE00088597 /* Build configuration list for PBXProject "Friendle!" */ = {
			isa = XCConfigurationList;
			buildConfigurations = (
				5E7537D227C93D0500088597 /* Debug */,
				5E7537D327C93D0500088597 /* Release */,
			);
			defaultConfigurationIsVisible = 0;
			defaultConfigurationName = Release;
		};
		5E7537D427C93D0500088597 /* Build configuration list for PBXNativeTarget "Friendle! MessagesExtension" */ = {
			isa = XCConfigurationList;
			buildConfigurations = (
				5E7537D527C93D0500088597 /* Debug */,
				5E7537D627C93D0500088597 /* Release */,
			);
			defaultConfigurationIsVisible = 0;
			defaultConfigurationName = Release;
		};
		5E7537D827C93D0500088597 /* Build configuration list for PBXNativeTarget "Friendle!" */ = {
			isa = XCConfigurationList;
			buildConfigurations = (
				5E7537D927C93D0500088597 /* Debug */,
				5E7537DA27C93D0500088597 /* Release */,
			);
			defaultConfigurationIsVisible = 0;
			defaultConfigurationName = Release;
		};
/* End XCConfigurationList section */
	};
	rootObject = 5E7537B327C93CFE00088597 /* Project object */;
}
